// !$*UTF8*$!
{
	archiveVersion = 1;
	classes = {
	};
	objectVersion = 77;
	objects = {

/* Begin PBXBuildFile section */
		334358F60CD97C7C6960199F /* Pods_DBTestTests.framework in Frameworks */ = {isa = PBXBuildFile; fileRef = 30228E9B0FC38E4143AF884D /* Pods_DBTestTests.framework */; };
		CB6474DB0DED752DCF7C4BC3 /* Pods_DBTest_DBTestUITests.framework in Frameworks */ = {isa = PBXBuildFile; fileRef = D921FC7C517E3AE62743CE85 /* Pods_DBTest_DBTestUITests.framework */; };
		F42B1F1A25CA3D49A7E7C032 /* Pods_DBTest.framework in Frameworks */ = {isa = PBXBuildFile; fileRef = 5E7B7B35C2362BBA4B39869D /* Pods_DBTest.framework */; };
/* End PBXBuildFile section */

/* Begin PBXContainerItemProxy section */
		CE7FD0F92F376D5B0052E7CE /* PBXContainerItemProxy */ = {
			isa = PBXContainerItemProxy;
			containerPortal = CE7FD0E02F376D5A0052E7CE /* Project object */;
			proxyType = 1;
			remoteGlobalIDString = CE7FD0E72F376D5A0052E7CE;
			remoteInfo = DBTest;
		};
		CE7FD1032F376D5B0052E7CE /* PBXContainerItemProxy */ = {
			isa = PBXContainerItemProxy;
			containerPortal = CE7FD0E02F376D5A0052E7CE /* Project object */;
			proxyType = 1;
			remoteGlobalIDString = CE7FD0E72F376D5A0052E7CE;
			remoteInfo = DBTest;
		};
/* End PBXContainerItemProxy section */

/* Begin PBXFileReference section */
		1074EECA7381B8F707816DD0 /* Pods-DBTest.debug.xcconfig */ = {isa = PBXFileReference; includeInIndex = 1; lastKnownFileType = text.xcconfig; name = "Pods-DBTest.debug.xcconfig"; path = "Target Support Files/Pods-DBTest/Pods-DBTest.debug.xcconfig"; sourceTree = "<group>"; };
		20BCA2CB88DC830A3CC9D148 /* Pods-DBTest-DBTestUITests.debug.xcconfig */ = {isa = PBXFileReference; includeInIndex = 1; lastKnownFileType = text.xcconfig; name = "Pods-DBTest-DBTestUITests.debug.xcconfig"; path = "Target Support Files/Pods-DBTest-DBTestUITests/Pods-DBTest-DBTestUITests.debug.xcconfig"; sourceTree = "<group>"; };
		30228E9B0FC38E4143AF884D /* Pods_DBTestTests.framework */ = {isa = PBXFileReference; explicitFileType = wrapper.framework; includeInIndex = 0; path = Pods_DBTestTests.framework; sourceTree = BUILT_PRODUCTS_DIR; };
		5E7B7B35C2362BBA4B39869D /* Pods_DBTest.framework */ = {isa = PBXFileReference; explicitFileType = wrapper.framework; includeInIndex = 0; path = Pods_DBTest.framework; sourceTree = BUILT_PRODUCTS_DIR; };
		625C2C9B40BE3CA0724DE112 /* Pods-DBTest.release.xcconfig */ = {isa = PBXFileReference; includeInIndex = 1; lastKnownFileType = text.xcconfig; name = "Pods-DBTest.release.xcconfig"; path = "Target Support Files/Pods-DBTest/Pods-DBTest.release.xcconfig"; sourceTree = "<group>"; };
		9521B4757F23CDDE9B91728A /* Pods-DBTestTests.debug.xcconfig */ = {isa = PBXFileReference; includeInIndex = 1; lastKnownFileType = text.xcconfig; name = "Pods-DBTestTests.debug.xcconfig"; path = "Target Support Files/Pods-DBTestTests/Pods-DBTestTests.debug.xcconfig"; sourceTree = "<group>"; };
		CE7FD0E82F376D5A0052E7CE /* DBTest.app */ = {isa = PBXFileReference; explicitFileType = wrapper.application; includeInIndex = 0; path = DBTest.app; sourceTree = BUILT_PRODUCTS_DIR; };
		CE7FD0F82F376D5B0052E7CE /* DBTestTests.xctest */ = {isa = PBXFileReference; explicitFileType = wrapper.cfbundle; includeInIndex = 0; path = DBTestTests.xctest; sourceTree = BUILT_PRODUCTS_DIR; };
		CE7FD1022F376D5B0052E7CE /* DBTestUITests.xctest */ = {isa = PBXFileReference; explicitFileType = wrapper.cfbundle; includeInIndex = 0; path = DBTestUITests.xctest; sourceTree = BUILT_PRODUCTS_DIR; };
		D921FC7C517E3AE62743CE85 /* Pods_DBTest_DBTestUITests.framework */ = {isa = PBXFileReference; explicitFileType = wrapper.framework; includeInIndex = 0; path = Pods_DBTest_DBTestUITests.framework; sourceTree = BUILT_PRODUCTS_DIR; };
		F578C7E676E5F4B018CAE639 /* Pods-DBTestTests.release.xcconfig */ = {isa = PBXFileReference; includeInIndex = 1; lastKnownFileType = text.xcconfig; name = "Pods-DBTestTests.release.xcconfig"; path = "Target Support Files/Pods-DBTestTests/Pods-DBTestTests.release.xcconfig"; sourceTree = "<group>"; };
		F8DD3246C03DEF33C354392C /* Pods-DBTest-DBTestUITests.release.xcconfig */ = {isa = PBXFileReference; includeInIndex = 1; lastKnownFileType = text.xcconfig; name = "Pods-DBTest-DBTestUITests.release.xcconfig"; path = "Target Support Files/Pods-DBTest-DBTestUITests/Pods-DBTest-DBTestUITests.release.xcconfig"; sourceTree = "<group>"; };
/* End PBXFileReference section */

/* Begin PBXFileSystemSynchronizedRootGroup section */
		CE7FD0EA2F376D5A0052E7CE /* DBTest */ = {
			isa = PBXFileSystemSynchronizedRootGroup;
			path = DBTest;
			sourceTree = "<group>";
		};
		CE7FD0FB2F376D5B0052E7CE /* DBTestTests */ = {
			isa = PBXFileSystemSynchronizedRootGroup;
			path = DBTestTests;
			sourceTree = "<group>";
		};
		CE7FD1052F376D5B0052E7CE /* DBTestUITests */ = {
			isa = PBXFileSystemSynchronizedRootGroup;
			path = DBTestUITests;
			sourceTree = "<group>";
		};
/* End PBXFileSystemSynchronizedRootGroup section */

/* Begin PBXFrameworksBuildPhase section */
		CE7FD0E52F376D5A0052E7CE /* Frameworks */ = {
			isa = PBXFrameworksBuildPhase;
			buildActionMask = 2147483647;
			files = (
				F42B1F1A25CA3D49A7E7C032 /* Pods_DBTest.framework in Frameworks */,
			);
			runOnlyForDeploymentPostprocessing = 0;
		};
		CE7FD0F52F376D5B0052E7CE /* Frameworks */ = {
			isa = PBXFrameworksBuildPhase;
			buildActionMask = 2147483647;
			files = (
				334358F60CD97C7C6960199F /* Pods_DBTestTests.framework in Frameworks */,
			);
			runOnlyForDeploymentPostprocessing = 0;
		};
		CE7FD0FF2F376D5B0052E7CE /* Frameworks */ = {
			isa = PBXFrameworksBuildPhase;
			buildActionMask = 2147483647;
			files = (
				CB6474DB0DED752DCF7C4BC3 /* Pods_DBTest_DBTestUITests.framework in Frameworks */,
			);
			runOnlyForDeploymentPostprocessing = 0;
		};
/* End PBXFrameworksBuildPhase section */

/* Begin PBXGroup section */
		80D83A8FBAF2C47048498203 /* Frameworks */ = {
			isa = PBXGroup;
			children = (
				5E7B7B35C2362BBA4B39869D /* Pods_DBTest.framework */,
				D921FC7C517E3AE62743CE85 /* Pods_DBTest_DBTestUITests.framework */,
				30228E9B0FC38E4143AF884D /* Pods_DBTestTests.framework */,
			);
			name = Frameworks;
			sourceTree = "<group>";
		};
		CE7FD0DF2F376D5A0052E7CE = {
			isa = PBXGroup;
			children = (
				CE7FD0EA2F376D5A0052E7CE /* DBTest */,
				CE7FD0FB2F376D5B0052E7CE /* DBTestTests */,
				CE7FD1052F376D5B0052E7CE /* DBTestUITests */,
				CE7FD0E92F376D5A0052E7CE /* Products */,
				F73D1BA9F0F3A001F2D92CB1 /* Pods */,
				80D83A8FBAF2C47048498203 /* Frameworks */,
			);
			sourceTree = "<group>";
		};
		CE7FD0E92F376D5A0052E7CE /* Products */ = {
			isa = PBXGroup;
			children = (
				CE7FD0E82F376D5A0052E7CE /* DBTest.app */,
				CE7FD0F82F376D5B0052E7CE /* DBTestTests.xctest */,
				CE7FD1022F376D5B0052E7CE /* DBTestUITests.xctest */,
			);
			name = Products;
			sourceTree = "<group>";
		};
		F73D1BA9F0F3A001F2D92CB1 /* Pods */ = {
			isa = PBXGroup;
			children = (
				1074EECA7381B8F707816DD0 /* Pods-DBTest.debug.xcconfig */,
				625C2C9B40BE3CA0724DE112 /* Pods-DBTest.release.xcconfig */,
				20BCA2CB88DC830A3CC9D148 /* Pods-DBTest-DBTestUITests.debug.xcconfig */,
				F8DD3246C03DEF33C354392C /* Pods-DBTest-DBTestUITests.release.xcconfig */,
				9521B4757F23CDDE9B91728A /* Pods-DBTestTests.debug.xcconfig */,
				F578C7E676E5F4B018CAE639 /* Pods-DBTestTests.release.xcconfig */,
			);
			path = Pods;
			sourceTree = "<group>";
		};
/* End PBXGroup section */

/* Begin PBXNativeTarget section */
		CE7FD0E72F376D5A0052E7CE /* DBTest */ = {
			isa = PBXNativeTarget;
			buildConfigurationList = CE7FD10C2F376D5B0052E7CE /* Build configuration list for PBXNativeTarget "DBTest" */;
			buildPhases = (
				DB22DFCF7221FD51886834B5 /* [CP] Check Pods Manifest.lock */,
				CE7FD0E42F376D5A0052E7CE /* Sources */,
				CE7FD0E52F376D5A0052E7CE /* Frameworks */,
				CE7FD0E62F376D5A0052E7CE /* Resources */,
				ED85DA8F3ADB5F711CEEA5FD /* [CP] Embed Pods Frameworks */,
			);
			buildRules = (
			);
			dependencies = (
			);
			fileSystemSynchronizedGroups = (
				CE7FD0EA2F376D5A0052E7CE /* DBTest */,
			);
			name = DBTest;
			productName = DBTest;
			productReference = CE7FD0E82F376D5A0052E7CE /* DBTest.app */;
			productType = "com.apple.product-type.application";
		};
		CE7FD0F72F376D5B0052E7CE /* DBTestTests */ = {
			isa = PBXNativeTarget;
			buildConfigurationList = CE7FD10F2F376D5B0052E7CE /* Build configuration list for PBXNativeTarget "DBTestTests" */;
			buildPhases = (
				A12F8A7CA9ECF3B196281EBF /* [CP] Check Pods Manifest.lock */,
				CE7FD0F42F376D5B0052E7CE /* Sources */,
				CE7FD0F52F376D5B0052E7CE /* Frameworks */,
				CE7FD0F62F376D5B0052E7CE /* Resources */,
			);
			buildRules = (
			);
			dependencies = (
				CE7FD0FA2F376D5B0052E7CE /* PBXTargetDependency */,
			);
			fileSystemSynchronizedGroups = (
				CE7FD0FB2F376D5B0052E7CE /* DBTestTests */,
			);
			name = DBTestTests;
			productName = DBTestTests;
			productReference = CE7FD0F82F376D5B0052E7CE /* DBTestTests.xctest */;
			productType = "com.apple.product-type.bundle.unit-test";
		};
		CE7FD1012F376D5B0052E7CE /* DBTestUITests */ = {
			isa = PBXNativeTarget;
			buildConfigurationList = CE7FD1122F376D5B0052E7CE /* Build configuration list for PBXNativeTarget "DBTestUITests" */;
			buildPhases = (
				DD5326F998168A340A8171E8 /* [CP] Check Pods Manifest.lock */,
				CE7FD0FE2F376D5B0052E7CE /* Sources */,
				CE7FD0FF2F376D5B0052E7CE /* Frameworks */,
				CE7FD1002F376D5B0052E7CE /* Resources */,
				A9A6FD6E8DBDE03B593F7E6E /* [CP] Embed Pods Frameworks */,
			);
			buildRules = (
			);
			dependencies = (
				CE7FD1042F376D5B0052E7CE /* PBXTargetDependency */,
			);
			fileSystemSynchronizedGroups = (
				CE7FD1052F376D5B0052E7CE /* DBTestUITests */,
			);
			name = DBTestUITests;
			productName = DBTestUITests;
			productReference = CE7FD1022F376D5B0052E7CE /* DBTestUITests.xctest */;
			productType = "com.apple.product-type.bundle.ui-testing";
		};
/* End PBXNativeTarget section */

/* Begin PBXProject section */
		CE7FD0E02F376D5A0052E7CE /* Project object */ = {
			isa = PBXProject;
			attributes = {
				BuildIndependentTargetsInParallel = 1;
				LastSwiftUpdateCheck = 1610;
				LastUpgradeCheck = 1610;
				TargetAttributes = {
					CE7FD0E72F376D5A0052E7CE = {
						CreatedOnToolsVersion = 16.1;
					};
					CE7FD0F72F376D5B0052E7CE = {
						CreatedOnToolsVersion = 16.1;
						TestTargetID = CE7FD0E72F376D5A0052E7CE;
					};
					CE7FD1012F376D5B0052E7CE = {
						CreatedOnToolsVersion = 16.1;
						TestTargetID = CE7FD0E72F376D5A0052E7CE;
					};
				};
			};
			buildConfigurationList = CE7FD0E32F376D5A0052E7CE /* Build configuration list for PBXProject "DBTest" */;
			developmentRegion = en;
			hasScannedForEncodings = 0;
			knownRegions = (
				en,
				Base,
			);
			mainGroup = CE7FD0DF2F376D5A0052E7CE;
			minimizedProjectReferenceProxies = 1;
			preferredProjectObjectVersion = 77;
			productRefGroup = CE7FD0E92F376D5A0052E7CE /* Products */;
			projectDirPath = "";
			projectRoot = "";
			targets = (
				CE7FD0E72F376D5A0052E7CE /* DBTest */,
				CE7FD0F72F376D5B0052E7CE /* DBTestTests */,
				CE7FD1012F376D5B0052E7CE /* DBTestUITests */,
			);
		};
/* End PBXProject section */

/* Begin PBXResourcesBuildPhase section */
		CE7FD0E62F376D5A0052E7CE /* Resources */ = {
			isa = PBXResourcesBuildPhase;
			buildActionMask = 2147483647;
			files = (
			);
			runOnlyForDeploymentPostprocessing = 0;
		};
		CE7FD0F62F376D5B0052E7CE /* Resources */ = {
			isa = PBXResourcesBuildPhase;
			buildActionMask = 2147483647;
			files = (
			);
			runOnlyForDeploymentPostprocessing = 0;
		};
		CE7FD1002F376D5B0052E7CE /* Resources */ = {
			isa = PBXResourcesBuildPhase;
			buildActionMask = 2147483647;
			files = (
			);
			runOnlyForDeploymentPostprocessing = 0;
		};
/* End PBXResourcesBuildPhase section */

/* Begin PBXShellScriptBuildPhase section */
		A12F8A7CA9ECF3B196281EBF /* [CP] Check Pods Manifest.lock */ = {
			isa = PBXShellScriptBuildPhase;
			buildActionMask = 2147483647;
			files = (
			);
			inputFileListPaths = (
			);
			inputPaths = (
				"${PODS_PODFILE_DIR_PATH}/Podfile.lock",
				"${PODS_ROOT}/Manifest.lock",
			);
			name = "[CP] Check Pods Manifest.lock";
			outputFileListPaths = (
			);
			outputPaths = (
				"$(DERIVED_FILE_DIR)/Pods-DBTestTests-checkManifestLockResult.txt",
			);
			runOnlyForDeploymentPostprocessing = 0;
			shellPath = /bin/sh;
			shellScript = "diff \"${PODS_PODFILE_DIR_PATH}/Podfile.lock\" \"${PODS_ROOT}/Manifest.lock\" > /dev/null\nif [ $? != 0 ] ; then\n    # print error to STDERR\n    echo \"error: The sandbox is not in sync with the Podfile.lock. Run 'pod install' or update your CocoaPods installation.\" >&2\n    exit 1\nfi\n# This output is used by Xcode 'outputs' to avoid re-running this script phase.\necho \"SUCCESS\" > \"${SCRIPT_OUTPUT_FILE_0}\"\n";
			showEnvVarsInLog = 0;
		};
		A9A6FD6E8DBDE03B593F7E6E /* [CP] Embed Pods Frameworks */ = {
			isa = PBXShellScriptBuildPhase;
			buildActionMask = 2147483647;
			files = (
			);
			inputFileListPaths = (
				"${PODS_ROOT}/Target Support Files/Pods-DBTest-DBTestUITests/Pods-DBTest-DBTestUITests-frameworks-${CONFIGURATION}-input-files.xcfilelist",
			);
			name = "[CP] Embed Pods Frameworks";
			outputFileListPaths = (
				"${PODS_ROOT}/Target Support Files/Pods-DBTest-DBTestUITests/Pods-DBTest-DBTestUITests-frameworks-${CONFIGURATION}-output-files.xcfilelist",
			);
			runOnlyForDeploymentPostprocessing = 0;
			shellPath = /bin/sh;
			shellScript = "\"${PODS_ROOT}/Target Support Files/Pods-DBTest-DBTestUITests/Pods-DBTest-DBTestUITests-frameworks.sh\"\n";
			showEnvVarsInLog = 0;
		};
		DB22DFCF7221FD51886834B5 /* [CP] Check Pods Manifest.lock */ = {
			isa = PBXShellScriptBuildPhase;
			buildActionMask = 2147483647;
			files = (
			);
			inputFileListPaths = (
			);
			inputPaths = (
				"${PODS_PODFILE_DIR_PATH}/Podfile.lock",
				"${PODS_ROOT}/Manifest.lock",
			);
			name = "[CP] Check Pods Manifest.lock";
			outputFileListPaths = (
			);
			outputPaths = (
				"$(DERIVED_FILE_DIR)/Pods-DBTest-checkManifestLockResult.txt",
			);
			runOnlyForDeploymentPostprocessing = 0;
			shellPath = /bin/sh;
			shellScript = "diff \"${PODS_PODFILE_DIR_PATH}/Podfile.lock\" \"${PODS_ROOT}/Manifest.lock\" > /dev/null\nif [ $? != 0 ] ; then\n    # print error to STDERR\n    echo \"error: The sandbox is not in sync with the Podfile.lock. Run 'pod install' or update your CocoaPods installation.\" >&2\n    exit 1\nfi\n# This output is used by Xcode 'outputs' to avoid re-running this script phase.\necho \"SUCCESS\" > \"${SCRIPT_OUTPUT_FILE_0}\"\n";
			showEnvVarsInLog = 0;
		};
		DD5326F998168A340A8171E8 /* [CP] Check Pods Manifest.lock */ = {
			isa = PBXShellScriptBuildPhase;
			buildActionMask = 2147483647;
			files = (
			);
			inputFileListPaths = (
			);
			inputPaths = (
				"${PODS_PODFILE_DIR_PATH}/Podfile.lock",
				"${PODS_ROOT}/Manifest.lock",
			);
			name = "[CP] Check Pods Manifest.lock";
			outputFileListPaths = (
			);
			outputPaths = (
				"$(DERIVED_FILE_DIR)/Pods-DBTest-DBTestUITests-checkManifestLockResult.txt",
			);
			runOnlyForDeploymentPostprocessing = 0;
			shellPath = /bin/sh;
			shellScript = "diff \"${PODS_PODFILE_DIR_PATH}/Podfile.lock\" \"${PODS_ROOT}/Manifest.lock\" > /dev/null\nif [ $? != 0 ] ; then\n    # print error to STDERR\n    echo \"error: The sandbox is not in sync with the Podfile.lock. Run 'pod install' or update your CocoaPods installation.\" >&2\n    exit 1\nfi\n# This output is used by Xcode 'outputs' to avoid re-running this script phase.\necho \"SUCCESS\" > \"${SCRIPT_OUTPUT_FILE_0}\"\n";
			showEnvVarsInLog = 0;
		};
		ED85DA8F3ADB5F711CEEA5FD /* [CP] Embed Pods Frameworks */ = {
			isa = PBXShellScriptBuildPhase;
			buildActionMask = 2147483647;
			files = (
			);
			inputFileListPaths = (
				"${PODS_ROOT}/Target Support Files/Pods-DBTest/Pods-DBTest-frameworks-${CONFIGURATION}-input-files.xcfilelist",
			);
			name = "[CP] Embed Pods Frameworks";
			outputFileListPaths = (
				"${PODS_ROOT}/Target Support Files/Pods-DBTest/Pods-DBTest-frameworks-${CONFIGURATION}-output-files.xcfilelist",
			);
			runOnlyForDeploymentPostprocessing = 0;
			shellPath = /bin/sh;
			shellScript = "\"${PODS_ROOT}/Target Support Files/Pods-DBTest/Pods-DBTest-frameworks.sh\"\n";
			showEnvVarsInLog = 0;
		};
/* End PBXShellScriptBuildPhase section */

/* Begin PBXSourcesBuildPhase section */
		CE7FD0E42F376D5A0052E7CE /* Sources */ = {
			isa = PBXSourcesBuildPhase;
			buildActionMask = 2147483647;
			files = (
			);
			runOnlyForDeploymentPostprocessing = 0;
		};
		CE7FD0F42F376D5B0052E7CE /* Sources */ = {
			isa = PBXSourcesBuildPhase;
			buildActionMask = 2147483647;
			files = (
			);
			runOnlyForDeploymentPostprocessing = 0;
		};
		CE7FD0FE2F376D5B0052E7CE /* Sources */ = {
			isa = PBXSourcesBuildPhase;
			buildActionMask = 2147483647;
			files = (
			);
			runOnlyForDeploymentPostprocessing = 0;
		};
/* End PBXSourcesBuildPhase section */

/* Begin PBXTargetDependency section */
		CE7FD0FA2F376D5B0052E7CE /* PBXTargetDependency */ = {
			isa = PBXTargetDependency;
			target = CE7FD0E72F376D5A0052E7CE /* DBTest */;
			targetProxy = CE7FD0F92F376D5B0052E7CE /* PBXContainerItemProxy */;
		};
		CE7FD1042F376D5B0052E7CE /* PBXTargetDependency */ = {
			isa = PBXTargetDependency;
			target = CE7FD0E72F376D5A0052E7CE /* DBTest */;
			targetProxy = CE7FD1032F376D5B0052E7CE /* PBXContainerItemProxy */;
		};
/* End PBXTargetDependency section */

/* Begin XCBuildConfiguration section */
		CE7FD10A2F376D5B0052E7CE /* Debug */ = {
			isa = XCBuildConfiguration;
			buildSettings = {
				ALWAYS_SEARCH_USER_PATHS = NO;
				ASSETCATALOG_COMPILER_GENERATE_SWIFT_ASSET_SYMBOL_EXTENSIONS = YES;
				CLANG_ANALYZER_NONNULL = YES;
				CLANG_ANALYZER_NUMBER_OBJECT_CONVERSION = YES_AGGRESSIVE;
				CLANG_CXX_LANGUAGE_STANDARD = "gnu++20";
				CLANG_ENABLE_MODULES = YES;
				CLANG_ENABLE_OBJC_ARC = YES;
				CLANG_ENABLE_OBJC_WEAK = YES;
				CLANG_WARN_BLOCK_CAPTURE_AUTORELEASING = YES;
				CLANG_WARN_BOOL_CONVERSION = YES;
				CLANG_WARN_COMMA = YES;
				CLANG_WARN_CONSTANT_CONVERSION = YES;
				CLANG_WARN_DEPRECATED_OBJC_IMPLEMENTATIONS = YES;
				CLANG_WARN_DIRECT_OBJC_ISA_USAGE = YES_ERROR;
				CLANG_WARN_DOCUMENTATION_COMMENTS = YES;
				CLANG_WARN_EMPTY_BODY = YES;
				CLANG_WARN_ENUM_CONVERSION = YES;
				CLANG_WARN_INFINITE_RECURSION = YES;
				CLANG_WARN_INT_CONVERSION = YES;
				CLANG_WARN_NON_LITERAL_NULL_CONVERSION = YES;
				CLANG_WARN_OBJC_IMPLICIT_RETAIN_SELF = YES;
				CLANG_WARN_OBJC_LITERAL_CONVERSION = YES;
				CLANG_WARN_OBJC_ROOT_CLASS = YES_ERROR;
				CLANG_WARN_QUOTED_INCLUDE_IN_FRAMEWORK_HEADER = YES;
				CLANG_WARN_RANGE_LOOP_ANALYSIS = YES;
				CLANG_WARN_STRICT_PROTOTYPES = YES;
				CLANG_WARN_SUSPICIOUS_MOVE = YES;
				CLANG_WARN_UNGUARDED_AVAILABILITY = YES_AGGRESSIVE;
				CLANG_WARN_UNREACHABLE_CODE = YES;
				CLANG_WARN__DUPLICATE_METHOD_MATCH = YES;
				COPY_PHASE_STRIP = NO;
				DEBUG_INFORMATION_FORMAT = dwarf;
				ENABLE_STRICT_OBJC_MSGSEND = YES;
				ENABLE_TESTABILITY = YES;
				ENABLE_USER_SCRIPT_SANDBOXING = YES;
				GCC_C_LANGUAGE_STANDARD = gnu17;
				GCC_DYNAMIC_NO_PIC = NO;
				GCC_NO_COMMON_BLOCKS = YES;
				GCC_OPTIMIZATION_LEVEL = 0;
				GCC_PREPROCESSOR_DEFINITIONS = (
					"DEBUG=1",
					"$(inherited)",
				);
				GCC_WARN_64_TO_32_BIT_CONVERSION = YES;
				GCC_WARN_ABOUT_RETURN_TYPE = YES_ERROR;
				GCC_WARN_UNDECLARED_SELECTOR = YES;
				GCC_WARN_UNINITIALIZED_AUTOS = YES_AGGRESSIVE;
				GCC_WARN_UNUSED_FUNCTION = YES;
				GCC_WARN_UNUSED_VARIABLE = YES;
				IPHONEOS_DEPLOYMENT_TARGET = 18.1;
				LOCALIZATION_PREFERS_STRING_CATALOGS = YES;
				MTL_ENABLE_DEBUG_INFO = INCLUDE_SOURCE;
				MTL_FAST_MATH = YES;
				ONLY_ACTIVE_ARCH = YES;
				SDKROOT = iphoneos;
				SWIFT_ACTIVE_COMPILATION_CONDITIONS = "DEBUG $(inherited)";
				SWIFT_OPTIMIZATION_LEVEL = "-Onone";
			};
			name = Debug;
		};
		CE7FD10B2F376D5B0052E7CE /* Release */ = {
			isa = XCBuildConfiguration;
			buildSettings = {
				ALWAYS_SEARCH_USER_PATHS = NO;
				ASSETCATALOG_COMPILER_GENERATE_SWIFT_ASSET_SYMBOL_EXTENSIONS = YES;
				CLANG_ANALYZER_NONNULL = YES;
				CLANG_ANALYZER_NUMBER_OBJECT_CONVERSION = YES_AGGRESSIVE;
				CLANG_CXX_LANGUAGE_STANDARD = "gnu++20";
				CLANG_ENABLE_MODULES = YES;
				CLANG_ENABLE_OBJC_ARC = YES;
				CLANG_ENABLE_OBJC_WEAK = YES;
				CLANG_WARN_BLOCK_CAPTURE_AUTORELEASING = YES;
				CLANG_WARN_BOOL_CONVERSION = YES;
				CLANG_WARN_COMMA = YES;
				CLANG_WARN_CONSTANT_CONVERSION = YES;
				CLANG_WARN_DEPRECATED_OBJC_IMPLEMENTATIONS = YES;
				CLANG_WARN_DIRECT_OBJC_ISA_USAGE = YES_ERROR;
				CLANG_WARN_DOCUMENTATION_COMMENTS = YES;
				CLANG_WARN_EMPTY_BODY = YES;
				CLANG_WARN_ENUM_CONVERSION = YES;
				CLANG_WARN_INFINITE_RECURSION = YES;
				CLANG_WARN_INT_CONVERSION = YES;
				CLANG_WARN_NON_LITERAL_NULL_CONVERSION = YES;
				CLANG_WARN_OBJC_IMPLICIT_RETAIN_SELF = YES;
				CLANG_WARN_OBJC_LITERAL_CONVERSION = YES;
				CLANG_WARN_OBJC_ROOT_CLASS = YES_ERROR;
				CLANG_WARN_QUOTED_INCLUDE_IN_FRAMEWORK_HEADER = YES;
				CLANG_WARN_RANGE_LOOP_ANALYSIS = YES;
				CLANG_WARN_STRICT_PROTOTYPES = YES;
				CLANG_WARN_SUSPICIOUS_MOVE = YES;
				CLANG_WARN_UNGUARDED_AVAILABILITY = YES_AGGRESSIVE;
				CLANG_WARN_UNREACHABLE_CODE = YES;
				CLANG_WARN__DUPLICATE_METHOD_MATCH = YES;
				COPY_PHASE_STRIP = NO;
				DEBUG_INFORMATION_FORMAT = "dwarf-with-dsym";
				ENABLE_NS_ASSERTIONS = NO;
				ENABLE_STRICT_OBJC_MSGSEND = YES;
				ENABLE_USER_SCRIPT_SANDBOXING = YES;
				GCC_C_LANGUAGE_STANDARD = gnu17;
				GCC_NO_COMMON_BLOCKS = YES;
				GCC_WARN_64_TO_32_BIT_CONVERSION = YES;
				GCC_WARN_ABOUT_RETURN_TYPE = YES_ERROR;
				GCC_WARN_UNDECLARED_SELECTOR = YES;
				GCC_WARN_UNINITIALIZED_AUTOS = YES_AGGRESSIVE;
				GCC_WARN_UNUSED_FUNCTION = YES;
				GCC_WARN_UNUSED_VARIABLE = YES;
				IPHONEOS_DEPLOYMENT_TARGET = 18.1;
				LOCALIZATION_PREFERS_STRING_CATALOGS = YES;
				MTL_ENABLE_DEBUG_INFO = NO;
				MTL_FAST_MATH = YES;
				SDKROOT = iphoneos;
				SWIFT_COMPILATION_MODE = wholemodule;
				VALIDATE_PRODUCT = YES;
			};
			name = Release;
		};
		CE7FD10D2F376D5B0052E7CE /* Debug */ = {
			isa = XCBuildConfiguration;
			baseConfigurationReference = 1074EECA7381B8F707816DD0 /* Pods-DBTest.debug.xcconfig */;
			buildSettings = {
				ASSETCATALOG_COMPILER_APPICON_NAME = AppIcon;
				ASSETCATALOG_COMPILER_GLOBAL_ACCENT_COLOR_NAME = AccentColor;
				CODE_SIGN_STYLE = Automatic;
				CURRENT_PROJECT_VERSION = 1;
				DEVELOPMENT_ASSET_PATHS = "\"DBTest/Preview Content\"";
				DEVELOPMENT_TEAM = CK3K4P4V36;
				ENABLE_PREVIEWS = YES;
				ENABLE_USER_SCRIPT_SANDBOXING = NO;
				GENERATE_INFOPLIST_FILE = YES;
				INFOPLIST_KEY_UIApplicationSceneManifest_Generation = YES;
				INFOPLIST_KEY_UIApplicationSupportsIndirectInputEvents = YES;
				INFOPLIST_KEY_UILaunchScreen_Generation = YES;
				INFOPLIST_KEY_UISupportedInterfaceOrientations_iPad = "UIInterfaceOrientationPortrait UIInterfaceOrientationPortraitUpsideDown UIInterfaceOrientationLandscapeLeft UIInterfaceOrientationLandscapeRight";
				INFOPLIST_KEY_UISupportedInterfaceOrientations_iPhone = "UIInterfaceOrientationPortrait UIInterfaceOrientationLandscapeLeft UIInterfaceOrientationLandscapeRight";
				LD_RUNPATH_SEARCH_PATHS = (
					"$(inherited)",
					"@executable_path/Frameworks",
				);
				MARKETING_VERSION = 1.0;
				PRODUCT_BUNDLE_IDENTIFIER = com.MinG.DBTest;
				PRODUCT_NAME = "$(TARGET_NAME)";
				SWIFT_EMIT_LOC_STRINGS = YES;
				SWIFT_VERSION = 5.0;
				TARGETED_DEVICE_FAMILY = "1,2";
			};
			name = Debug;
		};
		CE7FD10E2F376D5B0052E7CE /* Release */ = {
			isa = XCBuildConfiguration;
			baseConfigurationReference = 625C2C9B40BE3CA0724DE112 /* Pods-DBTest.release.xcconfig */;
			buildSettings = {
				ASSETCATALOG_COMPILER_APPICON_NAME = AppIcon;
				ASSETCATALOG_COMPILER_GLOBAL_ACCENT_COLOR_NAME = AccentColor;
				CODE_SIGN_STYLE = Automatic;
				CURRENT_PROJECT_VERSION = 1;
				DEVELOPMENT_ASSET_PATHS = "\"DBTest/Preview Content\"";
				DEVELOPMENT_TEAM = CK3K4P4V36;
				ENABLE_PREVIEWS = YES;
				ENABLE_USER_SCRIPT_SANDBOXING = NO;
				GENERATE_INFOPLIST_FILE = YES;
				INFOPLIST_KEY_UIApplicationSceneManifest_Generation = YES;
				INFOPLIST_KEY_UIApplicationSupportsIndirectInputEvents = YES;
				INFOPLIST_KEY_UILaunchScreen_Generation = YES;
				INFOPLIST_KEY_UISupportedInterfaceOrientations_iPad = "UIInterfaceOrientationPortrait UIInterfaceOrientationPortraitUpsideDown UIInterfaceOrientationLandscapeLeft UIInterfaceOrientationLandscapeRight";
				INFOPLIST_KEY_UISupportedInterfaceOrientations_iPhone = "UIInterfaceOrientationPortrait UIInterfaceOrientationLandscapeLeft UIInterfaceOrientationLandscapeRight";
				LD_RUNPATH_SEARCH_PATHS = (
					"$(inherited)",
					"@executable_path/Frameworks",
				);
				MARKETING_VERSION = 1.0;
				PRODUCT_BUNDLE_IDENTIFIER = com.MinG.DBTest;
				PRODUCT_NAME = "$(TARGET_NAME)";
				SWIFT_EMIT_LOC_STRINGS = YES;
				SWIFT_VERSION = 5.0;
				TARGETED_DEVICE_FAMILY = "1,2";
			};
			name = Release;
		};
		CE7FD1102F376D5B0052E7CE /* Debug */ = {
			isa = XCBuildConfiguration;
			baseConfigurationReference = 9521B4757F23CDDE9B91728A /* Pods-DBTestTests.debug.xcconfig */;
			buildSettings = {
				BUNDLE_LOADER = "$(TEST_HOST)";
				CODE_SIGN_STYLE = Automatic;
				CURRENT_PROJECT_VERSION = 1;
				DEVELOPMENT_TEAM = CK3K4P4V36;
				GENERATE_INFOPLIST_FILE = YES;
				IPHONEOS_DEPLOYMENT_TARGET = 18.1;
				MARKETING_VERSION = 1.0;
				PRODUCT_BUNDLE_IDENTIFIER = com.MinG.DBTestTests;
				PRODUCT_NAME = "$(TARGET_NAME)";
				SWIFT_EMIT_LOC_STRINGS = NO;
				SWIFT_VERSION = 5.0;
				TARGETED_DEVICE_FAMILY = "1,2";
				TEST_HOST = "$(BUILT_PRODUCTS_DIR)/DBTest.app/$(BUNDLE_EXECUTABLE_FOLDER_PATH)/DBTest";
			};
			name = Debug;
		};
		CE7FD1112F376D5B0052E7CE /* Release */ = {
			isa = XCBuildConfiguration;
			baseConfigurationReference = F578C7E676E5F4B018CAE639 /* Pods-DBTestTests.release.xcconfig */;
			buildSettings = {
				BUNDLE_LOADER = "$(TEST_HOST)";
				CODE_SIGN_STYLE = Automatic;
				CURRENT_PROJECT_VERSION = 1;
				DEVELOPMENT_TEAM = CK3K4P4V36;
				GENERATE_INFOPLIST_FILE = YES;
				IPHONEOS_DEPLOYMENT_TARGET = 18.1;
				MARKETING_VERSION = 1.0;
				PRODUCT_BUNDLE_IDENTIFIER = com.MinG.DBTestTests;
				PRODUCT_NAME = "$(TARGET_NAME)";
				SWIFT_EMIT_LOC_STRINGS = NO;
				SWIFT_VERSION = 5.0;
				TARGETED_DEVICE_FAMILY = "1,2";
				TEST_HOST = "$(BUILT_PRODUCTS_DIR)/DBTest.app/$(BUNDLE_EXECUTABLE_FOLDER_PATH)/DBTest";
			};
			name = Release;
		};
		CE7FD1132F376D5B0052E7CE /* Debug */ = {
			isa = XCBuildConfiguration;
			baseConfigurationReference = 20BCA2CB88DC830A3CC9D148 /* Pods-DBTest-DBTestUITests.debug.xcconfig */;
			buildSettings = {
				CODE_SIGN_STYLE = Automatic;
				CURRENT_PROJECT_VERSION = 1;
				DEVELOPMENT_TEAM = CK3K4P4V36;
				GENERATE_INFOPLIST_FILE = YES;
				MARKETING_VERSION = 1.0;
				PRODUCT_BUNDLE_IDENTIFIER = com.MinG.DBTestUITests;
				PRODUCT_NAME = "$(TARGET_NAME)";
				SWIFT_EMIT_LOC_STRINGS = NO;
				SWIFT_VERSION = 5.0;
				TARGETED_DEVICE_FAMILY = "1,2";
				TEST_TARGET_NAME = DBTest;
			};
			name = Debug;
		};
		CE7FD1142F376D5B0052E7CE /* Release */ = {
			isa = XCBuildConfiguration;
			baseConfigurationReference = F8DD3246C03DEF33C354392C /* Pods-DBTest-DBTestUITests.release.xcconfig */;
			buildSettings = {
				CODE_SIGN_STYLE = Automatic;
				CURRENT_PROJECT_VERSION = 1;
				DEVELOPMENT_TEAM = CK3K4P4V36;
				GENERATE_INFOPLIST_FILE = YES;
				MARKETING_VERSION = 1.0;
				PRODUCT_BUNDLE_IDENTIFIER = com.MinG.DBTestUITests;
				PRODUCT_NAME = "$(TARGET_NAME)";
				SWIFT_EMIT_LOC_STRINGS = NO;
				SWIFT_VERSION = 5.0;
				TARGETED_DEVICE_FAMILY = "1,2";
				TEST_TARGET_NAME = DBTest;
			};
			name = Release;
		};
/* End XCBuildConfiguration section */

/* Begin XCConfigurationList section */
		CE7FD0E32F376D5A0052E7CE /* Build configuration list for PBXProject "DBTest" */ = {
			isa = XCConfigurationList;
			buildConfigurations = (
				CE7FD10A2F376D5B0052E7CE /* Debug */,
				CE7FD10B2F376D5B0052E7CE /* Release */,
			);
			defaultConfigurationIsVisible = 0;
			defaultConfigurationName = Release;
		};
		CE7FD10C2F376D5B0052E7CE /* Build configuration list for PBXNativeTarget "DBTest" */ = {
			isa = XCConfigurationList;
			buildConfigurations = (
				CE7FD10D2F376D5B0052E7CE /* Debug */,
				CE7FD10E2F376D5B0052E7CE /* Release */,
			);
			defaultConfigurationIsVisible = 0;
			defaultConfigurationName = Release;
		};
		CE7FD10F2F376D5B0052E7CE /* Build configuration list for PBXNativeTarget "DBTestTests" */ = {
			isa = XCConfigurationList;
			buildConfigurations = (
				CE7FD1102F376D5B0052E7CE /* Debug */,
				CE7FD1112F376D5B0052E7CE /* Release */,
			);
			defaultConfigurationIsVisible = 0;
			defaultConfigurationName = Release;
		};
		CE7FD1122F376D5B0052E7CE /* Build configuration list for PBXNativeTarget "DBTestUITests" */ = {
			isa = XCConfigurationList;
			buildConfigurations = (
				CE7FD1132F376D5B0052E7CE /* Debug */,
				CE7FD1142F376D5B0052E7CE /* Release */,
			);
			defaultConfigurationIsVisible = 0;
			defaultConfigurationName = Release;
		};
/* End XCConfigurationList section */
	};
	rootObject = CE7FD0E02F376D5A0052E7CE /* Project object */;
}
